
Microsoft Visual Studio Solution File, Format Version 11.00
# Visual Studio 2010
Project("{FAE04EC0-301F-11D3-BF4B-00C04F79EFBC}") = "LinqToFile", "LinqToFile\LinqToFile.csproj", "{2CF072B0-3C31-4551-B407-8EA0F3B36FB4}"
EndProject
Project("{FAE04EC0-301F-11D3-BF4B-00C04F79EFBC}") = "WindowsFormsApplication1", "WindowsFormsApplication1\WindowsFormsApplication1.csproj", "{C2D6874F-1D18-4056-B60F-DABADDAA5851}"
EndProject
Global
	GlobalSection(TeamFoundationVersionControl) = preSolution
		SccNumberOfProjects = 3
		SccEnterpriseProvider = {4CA58AB2-18FA-4F8D-95D4-32DDF27D184C}
		SccTeamFoundationServer = https://tfs.codeplex.com/tfs/tfs34
		SccLocalPath0 = .
		SccProjectUniqueName1 = LinqToFile\\LinqToFile.csproj
		SccProjectName1 = LinqToFile
		SccLocalPath1 = LinqToFile
		SccProjectUniqueName2 = WindowsFormsApplication1\\WindowsFormsApplication1.csproj
		SccProjectName2 = WindowsFormsApplication1
		SccLocalPath2 = WindowsFormsApplication1
	EndGlobalSection
	GlobalSection(SolutionConfigurationPlatforms) = preSolution
		Debug|Any CPU = Debug|Any CPU
		Debug|Mixed Platforms = Debug|Mixed Platforms
		Debug|x86 = Debug|x86
		Release|Any CPU = Release|Any CPU
		Release|Mixed Platforms = Release|Mixed Platforms
		Release|x86 = Release|x86
	EndGlobalSection
	GlobalSection(ProjectConfigurationPlatforms) = postSolution
		{2CF072B0-3C31-4551-B407-8EA0F3B36FB4}.Debug|Any CPU.ActiveCfg = Debug|Any CPU
		{2CF072B0-3C31-4551-B407-8EA0F3B36FB4}.Debug|Any CPU.Build.0 = Debug|Any CPU
		{2CF072B0-3C31-4551-B407-8EA0F3B36FB4}.Debug|Mixed Platforms.ActiveCfg = Debug|Any CPU
		{2CF072B0-3C31-4551-B407-8EA0F3B36FB4}.Debug|Mixed Platforms.Build.0 = Debug|Any CPU
		{2CF072B0-3C31-4551-B407-8EA0F3B36FB4}.Debug|x86.ActiveCfg = Debug|Any CPU
		{2CF072B0-3C31-4551-B407-8EA0F3B36FB4}.Release|Any CPU.ActiveCfg = Release|Any CPU
		{2CF072B0-3C31-4551-B407-8EA0F3B36FB4}.Release|Any CPU.Build.0 = Release|Any CPU
		{2CF072B0-3C31-4551-B407-8EA0F3B36FB4}.Release|Mixed Platforms.ActiveCfg = Release|Any CPU
		{2CF072B0-3C31-4551-B407-8EA0F3B36FB4}.Release|Mixed Platforms.Build.0 = Release|Any CPU
		{2CF072B0-3C31-4551-B407-8EA0F3B36FB4}.Release|x86.ActiveCfg = Release|Any CPU
		{C2D6874F-1D18-4056-B60F-DABADDAA5851}.Debug|Any CPU.ActiveCfg = Debug|x86
		{C2D6874F-1D18-4056-B60F-DABADDAA5851}.Debug|Mixed Platforms.ActiveCfg = Debug|x86
		{C2D6874F-1D18-4056-B60F-DABADDAA5851}.Debug|Mixed Platforms.Build.0 = Debug|x86
		{C2D6874F-1D18-4056-B60F-DABADDAA5851}.Debug|x86.ActiveCfg = Debug|x86
		{C2D6874F-1D18-4056-B60F-DABADDAA5851}.Debug|x86.Build.0 = Debug|x86
		{C2D6874F-1D18-4056-B60F-DABADDAA5851}.Release|Any CPU.ActiveCfg = Release|x86
		{C2D6874F-1D18-4056-B60F-DABADDAA5851}.Release|Mixed Platforms.ActiveCfg = Release|x86
		{C2D6874F-1D18-4056-B60F-DABADDAA5851}.Release|Mixed Platforms.Build.0 = Release|x86
		{C2D6874F-1D18-4056-B60F-DABADDAA5851}.Release|x86.ActiveCfg = Release|x86
		{C2D6874F-1D18-4056-B60F-DABADDAA5851}.Release|x86.Build.0 = Release|x86
	EndGlobalSection
	GlobalSection(SolutionProperties) = preSolution
		HideSolutionNode = FALSE
	EndGlobalSection
EndGlobal
